
Microsoft Visual Studio Solution File, Format Version 12.00
# Visual Studio Version 17
VisualStudioVersion = 17.7.34024.191
MinimumVisualStudioVersion = 10.0.40219.1
Project("{2150E333-8FDC-42A3-9474-1A3956D46DE8}") = "Solution Items", "Solution Items", "{7724BB74-D9ED-4994-8289-E8291ADEB65A}"
	ProjectSection(SolutionItems) = preProject
		Plugin.cs = Plugin.cs
		SineSynth.cs = SineSynth.cs
		TheoSynth.cs = TheoSynth.cs
	EndProjectSection
EndProject
Global
	GlobalSection(SolutionProperties) = preSolution
		HideSolutionNode = FALSE
	EndGlobalSection
	GlobalSection(ExtensibilityGlobals) = postSolution
		SolutionGuid = {91715E0E-D1F9-4712-9C52-BC70A375D7B2}
	EndGlobalSection
EndGlobal
